
Microsoft Visual Studio Solution File, Format Version 12.00
# Visual Studio 14
VisualStudioVersion = 14.0.25420.1
MinimumVisualStudioVersion = 10.0.40219.1
Project("{D954291E-2A0B-460D-934E-DC6B0785DB48}") = "Wilson_oficial", "Wilson_oficial\Wilson_oficial\Wilson_oficial.shproj", "{AE5CD19F-7F65-4221-9DC0-B0EE3B18E906}"
EndProject
Project("{FAE04EC0-301F-11D3-BF4B-00C04F79EFBC}") = "Wilson_oficial.Droid", "Wilson_oficial\Wilson_oficial.Droid\Wilson_oficial.Droid.csproj", "{B993FE21-D007-4E42-88FA-545E31FEB280}"
EndProject
Project("{FAE04EC0-301F-11D3-BF4B-00C04F79EFBC}") = "Wilson_oficial.iOS", "Wilson_oficial\Wilson_oficial.iOS\Wilson_oficial.iOS.csproj", "{BDB7A658-34A6-4D33-9DBE-EA96D211024B}"
EndProject
Global
	GlobalSection(SharedMSBuildProjectFiles) = preSolution
		Wilson_oficial\Wilson_oficial\Wilson_oficial.projitems*{ae5cd19f-7f65-4221-9dc0-b0ee3b18e906}*SharedItemsImports = 13
		Wilson_oficial\Wilson_oficial\Wilson_oficial.projitems*{b993fe21-d007-4e42-88fa-545e31feb280}*SharedItemsImports = 4
		Wilson_oficial\Wilson_oficial\Wilson_oficial.projitems*{bdb7a658-34a6-4d33-9dbe-ea96d211024b}*SharedItemsImports = 4
	EndGlobalSection
	GlobalSection(SolutionConfigurationPlatforms) = preSolution
		Ad-Hoc|Any CPU = Ad-Hoc|Any CPU
		Ad-Hoc|iPhone = Ad-Hoc|iPhone
		Ad-Hoc|iPhoneSimulator = Ad-Hoc|iPhoneSimulator
		AppStore|Any CPU = AppStore|Any CPU
		AppStore|iPhone = AppStore|iPhone
		AppStore|iPhoneSimulator = AppStore|iPhoneSimulator
		Debug|Any CPU = Debug|Any CPU
		Debug|iPhone = Debug|iPhone
		Debug|iPhoneSimulator = Debug|iPhoneSimulator
		Release|Any CPU = Release|Any CPU
		Release|iPhone = Release|iPhone
		Release|iPhoneSimulator = Release|iPhoneSimulator
	EndGlobalSection
	GlobalSection(ProjectConfigurationPlatforms) = postSolution
		{B993FE21-D007-4E42-88FA-545E31FEB280}.Ad-Hoc|Any CPU.ActiveCfg = Release|Any CPU
		{B993FE21-D007-4E42-88FA-545E31FEB280}.Ad-Hoc|Any CPU.Build.0 = Release|Any CPU
		{B993FE21-D007-4E42-88FA-545E31FEB280}.Ad-Hoc|Any CPU.Deploy.0 = Release|Any CPU
		{B993FE21-D007-4E42-88FA-545E31FEB280}.Ad-Hoc|iPhone.ActiveCfg = Release|Any CPU
		{B993FE21-D007-4E42-88FA-545E31FEB280}.Ad-Hoc|iPhone.Build.0 = Release|Any CPU
		{B993FE21-D007-4E42-88FA-545E31FEB280}.Ad-Hoc|iPhone.Deploy.0 = Release|Any CPU
		{B993FE21-D007-4E42-88FA-545E31FEB280}.Ad-Hoc|iPhoneSimulator.ActiveCfg = Release|Any CPU
		{B993FE21-D007-4E42-88FA-545E31FEB280}.Ad-Hoc|iPhoneSimulator.Build.0 = Release|Any CPU
		{B993FE21-D007-4E42-88FA-545E31FEB280}.Ad-Hoc|iPhoneSimulator.Deploy.0 = Release|Any CPU
		{B993FE21-D007-4E42-88FA-545E31FEB280}.AppStore|Any CPU.ActiveCfg = Release|Any CPU
		{B993FE21-D007-4E42-88FA-545E31FEB280}.AppStore|Any CPU.Build.0 = Release|Any CPU
		{B993FE21-D007-4E42-88FA-545E31FEB280}.AppStore|Any CPU.Deploy.0 = Release|Any CPU
		{B993FE21-D007-4E42-88FA-545E31FEB280}.AppStore|iPhone.ActiveCfg = Release|Any CPU
		{B993FE21-D007-4E42-88FA-545E31FEB280}.AppStore|iPhone.Build.0 = Release|Any CPU
		{B993FE21-D007-4E42-88FA-545E31FEB280}.AppStore|iPhone.Deploy.0 = Release|Any CPU
		{B993FE21-D007-4E42-88FA-545E31FEB280}.AppStore|iPhoneSimulator.ActiveCfg = Release|Any CPU
		{B993FE21-D007-4E42-88FA-545E31FEB280}.AppStore|iPhoneSimulator.Build.0 = Release|Any CPU
		{B993FE21-D007-4E42-88FA-545E31FEB280}.AppStore|iPhoneSimulator.Deploy.0 = Release|Any CPU
		{B993FE21-D007-4E42-88FA-545E31FEB280}.Debug|Any CPU.ActiveCfg = Debug|Any CPU
		{B993FE21-D007-4E42-88FA-545E31FEB280}.Debug|Any CPU.Build.0 = Debug|Any CPU
		{B993FE21-D007-4E42-88FA-545E31FEB280}.Debug|Any CPU.Deploy.0 = Debug|Any CPU
		{B993FE21-D007-4E42-88FA-545E31FEB280}.Debug|iPhone.ActiveCfg = Debug|Any CPU
		{B993FE21-D007-4E42-88FA-545E31FEB280}.Debug|iPhone.Build.0 = Debug|Any CPU
		{B993FE21-D007-4E42-88FA-545E31FEB280}.Debug|iPhone.Deploy.0 = Debug|Any CPU
		{B993FE21-D007-4E42-88FA-545E31FEB280}.Debug|iPhoneSimulator.ActiveCfg = Debug|Any CPU
		{B993FE21-D007-4E42-88FA-545E31FEB280}.Debug|iPhoneSimulator.Build.0 = Debug|Any CPU
		{B993FE21-D007-4E42-88FA-545E31FEB280}.Debug|iPhoneSimulator.Deploy.0 = Debug|Any CPU
		{B993FE21-D007-4E42-88FA-545E31FEB280}.Release|Any CPU.ActiveCfg = Release|Any CPU
		{B993FE21-D007-4E42-88FA-545E31FEB280}.Release|Any CPU.Build.0 = Release|Any CPU
		{B993FE21-D007-4E42-88FA-545E31FEB280}.Release|Any CPU.Deploy.0 = Release|Any CPU
		{B993FE21-D007-4E42-88FA-545E31FEB280}.Release|iPhone.ActiveCfg = Release|Any CPU
		{B993FE21-D007-4E42-88FA-545E31FEB280}.Release|iPhone.Build.0 = Release|Any CPU
		{B993FE21-D007-4E42-88FA-545E31FEB280}.Release|iPhone.Deploy.0 = Release|Any CPU
		{B993FE21-D007-4E42-88FA-545E31FEB280}.Release|iPhoneSimulator.ActiveCfg = Release|Any CPU
		{B993FE21-D007-4E42-88FA-545E31FEB280}.Release|iPhoneSimulator.Build.0 = Release|Any CPU
		{B993FE21-D007-4E42-88FA-545E31FEB280}.Release|iPhoneSimulator.Deploy.0 = Release|Any CPU
		{BDB7A658-34A6-4D33-9DBE-EA96D211024B}.Ad-Hoc|Any CPU.ActiveCfg = Ad-Hoc|iPhone
		{BDB7A658-34A6-4D33-9DBE-EA96D211024B}.Ad-Hoc|iPhone.ActiveCfg = Ad-Hoc|iPhone
		{BDB7A658-34A6-4D33-9DBE-EA96D211024B}.Ad-Hoc|iPhone.Build.0 = Ad-Hoc|iPhone
		{BDB7A658-34A6-4D33-9DBE-EA96D211024B}.Ad-Hoc|iPhoneSimulator.ActiveCfg = Ad-Hoc|iPhoneSimulator
		{BDB7A658-34A6-4D33-9DBE-EA96D211024B}.Ad-Hoc|iPhoneSimulator.Build.0 = Ad-Hoc|iPhoneSimulator
		{BDB7A658-34A6-4D33-9DBE-EA96D211024B}.AppStore|Any CPU.ActiveCfg = AppStore|iPhone
		{BDB7A658-34A6-4D33-9DBE-EA96D211024B}.AppStore|iPhone.ActiveCfg = AppStore|iPhone
		{BDB7A658-34A6-4D33-9DBE-EA96D211024B}.AppStore|iPhone.Build.0 = AppStore|iPhone
		{BDB7A658-34A6-4D33-9DBE-EA96D211024B}.AppStore|iPhoneSimulator.ActiveCfg = AppStore|iPhoneSimulator
		{BDB7A658-34A6-4D33-9DBE-EA96D211024B}.AppStore|iPhoneSimulator.Build.0 = AppStore|iPhoneSimulator
		{BDB7A658-34A6-4D33-9DBE-EA96D211024B}.Debug|Any CPU.ActiveCfg = Debug|iPhone
		{BDB7A658-34A6-4D33-9DBE-EA96D211024B}.Debug|iPhone.ActiveCfg = Debug|iPhone
		{BDB7A658-34A6-4D33-9DBE-EA96D211024B}.Debug|iPhone.Build.0 = Debug|iPhone
		{BDB7A658-34A6-4D33-9DBE-EA96D211024B}.Debug|iPhoneSimulator.ActiveCfg = Debug|iPhoneSimulator
		{BDB7A658-34A6-4D33-9DBE-EA96D211024B}.Debug|iPhoneSimulator.Build.0 = Debug|iPhoneSimulator
		{BDB7A658-34A6-4D33-9DBE-EA96D211024B}.Release|Any CPU.ActiveCfg = Release|iPhone
		{BDB7A658-34A6-4D33-9DBE-EA96D211024B}.Release|iPhone.ActiveCfg = Release|iPhone
		{BDB7A658-34A6-4D33-9DBE-EA96D211024B}.Release|iPhone.Build.0 = Release|iPhone
		{BDB7A658-34A6-4D33-9DBE-EA96D211024B}.Release|iPhoneSimulator.ActiveCfg = Release|iPhoneSimulator
		{BDB7A658-34A6-4D33-9DBE-EA96D211024B}.Release|iPhoneSimulator.Build.0 = Release|iPhoneSimulator
	EndGlobalSection
	GlobalSection(SolutionProperties) = preSolution
		HideSolutionNode = FALSE
	EndGlobalSection
EndGlobal
